
Microsoft Visual Studio Solution File, Format Version 12.00
# Visual Studio Version 17
VisualStudioVersion = 17.5.33424.131
MinimumVisualStudioVersion = 10.0.40219.1
Project("{9A19103F-16F7-4668-BE54-9A1E7A4F7556}") = "MFVideoDeviceEnumeratorWpfApp", "MFVideoDeviceEnumeratorWpfApp\MFVideoDeviceEnumeratorWpfApp.csproj", "{013E74C9-870B-4F04-B955-B44A5536C7CE}"
EndProject
Project("{FAE04EC0-301F-11D3-BF4B-00C04F79EFBC}") = "Benchmarks", "Benchmarks\Benchmarks.csproj", "{0E2C840F-D1F3-4BFB-B07D-AF9CA6D46212}"
EndProject
Global
	GlobalSection(SolutionConfigurationPlatforms) = preSolution
		Debug|Any CPU = Debug|Any CPU
		Release|Any CPU = Release|Any CPU
	EndGlobalSection
	GlobalSection(ProjectConfigurationPlatforms) = postSolution
		{013E74C9-870B-4F04-B955-B44A5536C7CE}.Debug|Any CPU.ActiveCfg = Debug|Any CPU
		{013E74C9-870B-4F04-B955-B44A5536C7CE}.Debug|Any CPU.Build.0 = Debug|Any CPU
		{013E74C9-870B-4F04-B955-B44A5536C7CE}.Release|Any CPU.ActiveCfg = Release|Any CPU
		{013E74C9-870B-4F04-B955-B44A5536C7CE}.Release|Any CPU.Build.0 = Release|Any CPU
		{0E2C840F-D1F3-4BFB-B07D-AF9CA6D46212}.Debug|Any CPU.ActiveCfg = Debug|Any CPU
		{0E2C840F-D1F3-4BFB-B07D-AF9CA6D46212}.Debug|Any CPU.Build.0 = Debug|Any CPU
		{0E2C840F-D1F3-4BFB-B07D-AF9CA6D46212}.Release|Any CPU.ActiveCfg = Release|Any CPU
		{0E2C840F-D1F3-4BFB-B07D-AF9CA6D46212}.Release|Any CPU.Build.0 = Release|Any CPU
	EndGlobalSection
	GlobalSection(SolutionProperties) = preSolution
		HideSolutionNode = FALSE
	EndGlobalSection
	GlobalSection(ExtensibilityGlobals) = postSolution
		SolutionGuid = {13110896-3747-4029-85F1-1DF00775B077}
	EndGlobalSection
EndGlobal
